
Microsoft Visual Studio Solution File, Format Version 12.00
# Visual Studio 2017
Project("{FAE04EC0-301F-11D3-BF4B-00C04F79EFBC}") = "AutoRefs", "AutoRefs.csproj", "{DB5FF03D-25DF-128A-AAED-6EC72CD13B70}"
EndProject
Project("{FAE04EC0-301F-11D3-BF4B-00C04F79EFBC}") = "AutoRefs.Editor", "AutoRefs.Editor.csproj", "{F5B8C853-5A6C-907C-A6BE-FF1A8CD6A480}"
EndProject
Global
	GlobalSection(SolutionConfigurationPlatforms) = preSolution
		Debug|Any CPU = Debug|Any CPU
		Release|Any CPU = Release|Any CPU
	EndGlobalSection
	GlobalSection(ProjectConfigurationPlatforms) = postSolution
		{DB5FF03D-25DF-128A-AAED-6EC72CD13B70}.Debug|Any CPU.ActiveCfg = Debug|Any CPU
		{DB5FF03D-25DF-128A-AAED-6EC72CD13B70}.Debug|Any CPU.Build.0 = Debug|Any CPU
		{DB5FF03D-25DF-128A-AAED-6EC72CD13B70}.Release|Any CPU.ActiveCfg = Release|Any CPU
		{DB5FF03D-25DF-128A-AAED-6EC72CD13B70}.Release|Any CPU.Build.0 = Release|Any CPU
		{F5B8C853-5A6C-907C-A6BE-FF1A8CD6A480}.Debug|Any CPU.ActiveCfg = Debug|Any CPU
		{F5B8C853-5A6C-907C-A6BE-FF1A8CD6A480}.Debug|Any CPU.Build.0 = Debug|Any CPU
		{F5B8C853-5A6C-907C-A6BE-FF1A8CD6A480}.Release|Any CPU.ActiveCfg = Release|Any CPU
		{F5B8C853-5A6C-907C-A6BE-FF1A8CD6A480}.Release|Any CPU.Build.0 = Release|Any CPU
	EndGlobalSection
	GlobalSection(SolutionProperties) = preSolution
		HideSolutionNode = FALSE
	EndGlobalSection
EndGlobal
